# This file is automatically @generated by Poetry 1.8.4 and should not be changed by hand.

[[package]]
name = "attrs"
version = "24.2.0"
description = "Classes Without Boilerplate"
optional = false
python-versions = ">=3.7"
files = [
    {file = "attrs-24.2.0-py3-none-any.whl", hash = "sha256:81921eb96de3191c8258c199618104dd27ac608d9366f5e35d011eae1867ede2"},
    {file = "attrs-24.2.0.tar.gz", hash = "sha256:5cfb1b9148b5b086569baec03f20d7b6bf3bcacc9a42bebf87ffaaca362f6346"},
]

[package.extras]
benchmark = ["cloudpickle", "hypothesis", "mypy (>=1.11.1)", "pympler", "pytest (>=4.3.0)", "pytest-codspeed", "pytest-mypy-plugins", "pytest-xdist[psutil]"]
cov = ["cloudpickle", "coverage[toml] (>=5.3)", "hypothesis", "mypy (>=1.11.1)", "pympler", "pytest (>=4.3.0)", "pytest-mypy-plugins", "pytest-xdist[psutil]"]
dev = ["cloudpickle", "hypothesis", "mypy (>=1.11.1)", "pre-commit", "pympler", "pytest (>=4.3.0)", "pytest-mypy-plugins", "pytest-xdist[psutil]"]
docs = ["cogapp", "furo", "myst-parser", "sphinx", "sphinx-notfound-page", "sphinxcontrib-towncrier", "towncrier (<24.7)"]
tests = ["cloudpickle", "hypothesis", "mypy (>=1.11.1)", "pympler", "pytest (>=4.3.0)", "pytest-mypy-plugins", "pytest-xdist[psutil]"]
tests-mypy = ["mypy (>=1.11.1)", "pytest-mypy-plugins"]

[[package]]
name = "backoff"
version = "2.2.1"
description = "Function decoration for backoff and retry"
optional = false
python-versions = ">=3.7,<4.0"
files = [
    {file = "backoff-2.2.1-py3-none-any.whl", hash = "sha256:63579f9a0628e06278f7e47b7d7d5b6ce20dc65c5e96a6f3ca99a6adca0396e8"},
    {file = "backoff-2.2.1.tar.gz", hash = "sha256:03f829f5bb1923180821643f8753b0502c3b682293992485b0eef2807afa5cba"},
]

[[package]]
name = "ciso8601"
version = "2.3.1"
description = "Fast ISO8601 date time parser for Python written in C"
optional = false
python-versions = "*"
files = [
    {file = "ciso8601-2.3.1-cp310-cp310-macosx_10_9_universal2.whl", hash = "sha256:57db9a28e87f9e4fccba643fb70a9ba1515adc5e1325508eb2c10dd96620314c"},
    {file = "ciso8601-2.3.1-cp310-cp310-macosx_10_9_x86_64.whl", hash = "sha256:8c59646197ddbf84909b6c31d55f744cfeef51811e3910b61d0f58f2885823fd"},
    {file = "ciso8601-2.3.1-cp310-cp310-macosx_11_0_arm64.whl", hash = "sha256:6a25da209193134842cd573464a5323f46fcc3ed781b633f15a34793ba7e1064"},
    {file = "ciso8601-2.3.1-cp310-cp310-manylinux_2_5_x86_64.manylinux1_x86_64.manylinux_2_17_x86_64.manylinux2014_x86_64.whl", hash = "sha256:f3ae83f4e60fc7e260a4188e4ec4ac1bdd40bdb382eeda92fc266c5aa2f0a1ee"},
    {file = "ciso8601-2.3.1-cp310-cp310-musllinux_1_1_i686.whl", hash = "sha256:2c1ef17d1ea52a39b2dce6535583631ae4bfb65c76f0ee8c99413a6861a46c9e"},
    {file = "ciso8601-2.3.1-cp310-cp310-musllinux_1_1_x86_64.whl", hash = "sha256:3771049ba29bd1077588c0a24be1d53f7493e7cc686b2caa92f7cae129636a0e"},
    {file = "ciso8601-2.3.1-cp310-cp310-win_amd64.whl", hash = "sha256:55381365366dacb57207cec610d26c9a6c0d237cb65a0cf67a2baaa5299f2366"},
    {file = "ciso8601-2.3.1-cp311-cp311-macosx_10_9_universal2.whl", hash = "sha256:9f25647803c9a5aaaed130c53bbec7ea06a4f95ba5c7016f59e444b4ef7ac39e"},
    {file = "ciso8601-2.3.1-cp311-cp311-macosx_10_9_x86_64.whl", hash = "sha256:473288cd63efe6a2cf3f4b5f90394e53095358ccb13d6128f87a2da85d0f389b"},
    {file = "ciso8601-2.3.1-cp311-cp311-macosx_11_0_arm64.whl", hash = "sha256:121d27c55f4455eaa27ba3bd602beca915df9a352f235e935636a4660321070e"},
    {file = "ciso8601-2.3.1-cp311-cp311-manylinux_2_5_x86_64.manylinux1_x86_64.manylinux_2_17_x86_64.manylinux2014_x86_64.whl", hash = "sha256:ef44cb4dc83f37019a356c7a72692cbe17072456f4879ca6bc0339f67eee5d00"},
    {file = "ciso8601-2.3.1-cp311-cp311-musllinux_1_1_i686.whl", hash = "sha256:364702e338212b6c1a8643d9399ada21560cf132f363853473560625cb4207f1"},
    {file = "ciso8601-2.3.1-cp311-cp311-musllinux_1_1_x86_64.whl", hash = "sha256:8acb45545e6a654310c6ef788aacb2d73686646c414ceacdd9f5f78a83165af5"},
    {file = "ciso8601-2.3.1-cp311-cp311-win_amd64.whl", hash = "sha256:99addd8b113f85fac549167073f317a318cd2b5841552598ceb97b97c5708a38"},
    {file = "ciso8601-2.3.1-cp312-cp312-macosx_10_9_universal2.whl", hash = "sha256:f39bb5936debf21c52e5d52b89f26857c303da80c43a72883946096a6ef5e561"},
    {file = "ciso8601-2.3.1-cp312-cp312-macosx_10_9_x86_64.whl", hash = "sha256:21cf83ca945bb26ecd95364ae2c9ed0276378e5fe35ce1b64d4c6d5b33038ea3"},
    {file = "ciso8601-2.3.1-cp312-cp312-macosx_11_0_arm64.whl", hash = "sha256:013410263cba46748d2de29e9894341ae41223356cde7970478c32bd0984d10c"},
    {file = "ciso8601-2.3.1-cp312-cp312-manylinux_2_5_x86_64.manylinux1_x86_64.manylinux_2_17_x86_64.manylinux2014_x86_64.whl", hash = "sha256:b26935687ef1837b56997d8c61f1d789e698be58b261410e629eda9c89812141"},
    {file = "ciso8601-2.3.1-cp312-cp312-musllinux_1_1_i686.whl", hash = "sha256:0d980a2a88030d4d8b2434623c250866a75b4979d289eba69bec445c51ace99f"},
    {file = "ciso8601-2.3.1-cp312-cp312-musllinux_1_1_x86_64.whl", hash = "sha256:87721de54e008fb1c4c3978553b05a9c417aa25b76ddf5702d6f7e8d9b109288"},
    {file = "ciso8601-2.3.1-cp312-cp312-win_amd64.whl", hash = "sha256:9f107a4c051e7c0416824279264d94f4ed3da0fbd82bd96ec3c3293426826de4"},
    {file = "ciso8601-2.3.1-cp36-cp36m-macosx_10_9_x86_64.whl", hash = "sha256:02ecbd7c8336c4e1c6bb725b898e29414ee92bdc0be6c72fb07036836b1ac867"},
    {file = "ciso8601-2.3.1-cp36-cp36m-manylinux_2_5_x86_64.manylinux1_x86_64.manylinux_2_17_x86_64.manylinux2014_x86_64.whl", hash = "sha256:36525b1f380f4601533f4631c69911e44efb9cb50beab1da3248b0daa32bced4"},
    {file = "ciso8601-2.3.1-cp36-cp36m-musllinux_1_1_i686.whl", hash = "sha256:874d20c6339e9096baaadfd1b9610bb8d5b373a0f2858cc06de8142b98d2129c"},
    {file = "ciso8601-2.3.1-cp36-cp36m-musllinux_1_1_x86_64.whl", hash = "sha256:46a3663c2cf838f0149e1cdb8e4bdc95716e03cf2d5f803a6eb755d825896ebe"},
    {file = "ciso8601-2.3.1-cp36-cp36m-win_amd64.whl", hash = "sha256:e8e76825f80ce313d75bbbef1d3b8bd9e0ce31dbc157d1981e9593922c9983e7"},
    {file = "ciso8601-2.3.1-cp37-cp37m-macosx_10_9_x86_64.whl", hash = "sha256:6850889813f3135e0aa18f0aaec64249dd81d36a1b9bce60bb45182930c86663"},
    {file = "ciso8601-2.3.1-cp37-cp37m-manylinux_2_5_x86_64.manylinux1_x86_64.manylinux_2_17_x86_64.manylinux2014_x86_64.whl", hash = "sha256:2c690ac24ec3407f68cdfd5e032c6cb18126ef33d6c4b3db0669b9cbb8c96bd4"},
    {file = "ciso8601-2.3.1-cp37-cp37m-musllinux_1_1_i686.whl", hash = "sha256:024c52d5d0670f15ca3dc53eff7345b6eaee22fba929675f6a408f9d1e159d98"},
    {file = "ciso8601-2.3.1-cp37-cp37m-musllinux_1_1_x86_64.whl", hash = "sha256:e7ae2c3442d042de5330672d0d28486ed92f9d7c6dc010943aa618fd361d4638"},
    {file = "ciso8601-2.3.1-cp37-cp37m-win_amd64.whl", hash = "sha256:22128f0def36fa3c4cf0c482a216e8b8ad722def08bc11c07438eff82bdcd02a"},
    {file = "ciso8601-2.3.1-cp38-cp38-macosx_10_9_universal2.whl", hash = "sha256:025859ec286a994aa3f2120c0f27d053b719cabc975398338374f2cc1f961125"},
    {file = "ciso8601-2.3.1-cp38-cp38-macosx_10_9_x86_64.whl", hash = "sha256:2a64ff58904d4418d60fa9619014ae820ae21f7aef58da46df78a4c647f951ec"},
    {file = "ciso8601-2.3.1-cp38-cp38-macosx_11_0_arm64.whl", hash = "sha256:d1f85c0b7fa742bbfd18177137ccbaa3f867dd06157f91595075bb959a733048"},
    {file = "ciso8601-2.3.1-cp38-cp38-manylinux_2_5_x86_64.manylinux1_x86_64.manylinux_2_17_x86_64.manylinux2014_x86_64.whl", hash = "sha256:e4ac59453664781dfddebee51f9a36e41819993823fdb09ddc0ce0e4bd3ff0c3"},
    {file = "ciso8601-2.3.1-cp38-cp38-musllinux_1_1_i686.whl", hash = "sha256:eaecca7e0c3ef9e8f5e963e212b083684e849f9a9bb25834d3042363223a73cd"},
    {file = "ciso8601-2.3.1-cp38-cp38-musllinux_1_1_x86_64.whl", hash = "sha256:ad8f417c45eea973a694599b96f40d841215bfee352cb9963383e8d66b309981"},
    {file = "ciso8601-2.3.1-cp38-cp38-win_amd64.whl", hash = "sha256:b869396e9756a7c0696d8eb69ce1d8980bea5e25c86e5996b10d78c900a4362c"},
    {file = "ciso8601-2.3.1-cp39-cp39-macosx_10_9_universal2.whl", hash = "sha256:7eb7b5ef8714d3d1fe9f3256b7a679ad783da899a0b7503a5ace78186735f840"},
    {file = "ciso8601-2.3.1-cp39-cp39-macosx_10_9_x86_64.whl", hash = "sha256:02828107880848ff497971ebc98e6dc851ad7af8ec14a58089e0e11f3111cad6"},
    {file = "ciso8601-2.3.1-cp39-cp39-macosx_11_0_arm64.whl", hash = "sha256:566b4a8b2f9717e54ffcdd732a7c8051a91da30a60a4f1dafb62e303a1dbac69"},
    {file = "ciso8601-2.3.1-cp39-cp39-manylinux_2_5_x86_64.manylinux1_x86_64.manylinux_2_17_x86_64.manylinux2014_x86_64.whl", hash = "sha256:58a749d63f28c2eda71416c9d6014113b0748abf5fd14c502b01bd515502fedf"},
    {file = "ciso8601-2.3.1-cp39-cp39-musllinux_1_1_i686.whl", hash = "sha256:cb135de0e3b8feb7e74a4f7a234e8c8545957fe8d26316a1a549553f425c629d"},
    {file = "ciso8601-2.3.1-cp39-cp39-musllinux_1_1_x86_64.whl", hash = "sha256:695583810836a42945084b33621b22b0309701c6916689f6a3588fa44c5bc413"},
    {file = "ciso8601-2.3.1-cp39-cp39-win_amd64.whl", hash = "sha256:21204d98496cf5c0511dc21533be55c2a2d34b8c65603946a116812ffbae3b2d"},
    {file = "ciso8601-2.3.1-pp310-pypy310_pp73-manylinux_2_5_x86_64.manylinux1_x86_64.manylinux_2_17_x86_64.manylinux2014_x86_64.whl", hash = "sha256:8c29ea2b03dee2dc0a5d3e4a0b7d7768c597781e9fa451fe1025600f7cb55a89"},
    {file = "ciso8601-2.3.1-pp310-pypy310_pp73-win_amd64.whl", hash = "sha256:7533256af90724b8b7a707dcd1be4b67989447595c8e1e1c28399d4fd51dac50"},
    {file = "ciso8601-2.3.1-pp37-pypy37_pp73-manylinux_2_5_x86_64.manylinux1_x86_64.manylinux_2_17_x86_64.manylinux2014_x86_64.whl", hash = "sha256:d4bc9d577c0d1e57532513fc2899f5231727e28981a426767f7fa13dacb18c06"},
    {file = "ciso8601-2.3.1-pp37-pypy37_pp73-win_amd64.whl", hash = "sha256:4e30501eed43eea7ef64f032c81cd1d8b2020035cbdcefad40db72e2f3bc97ff"},
    {file = "ciso8601-2.3.1-pp38-pypy38_pp73-manylinux_2_5_x86_64.manylinux1_x86_64.manylinux_2_17_x86_64.manylinux2014_x86_64.whl", hash = "sha256:070f568de3bc269268296cb9265704dc5fcb9d4c12b1f1c67536624174df5d09"},
    {file = "ciso8601-2.3.1-pp38-pypy38_pp73-win_amd64.whl", hash = "sha256:9065053c034c80c0afd74c71a4906675d07078a05cfd1cb5ff70661378cdbe60"},
    {file = "ciso8601-2.3.1-pp39-pypy39_pp73-manylinux_2_5_x86_64.manylinux1_x86_64.manylinux_2_17_x86_64.manylinux2014_x86_64.whl", hash = "sha256:4ac00d293cdb3d1a5c78e09b3d75c7b0292ab45d5b26853b436ff5087eba2165"},
    {file = "ciso8601-2.3.1-pp39-pypy39_pp73-win_amd64.whl", hash = "sha256:06941e2ee46701f083aeb21d13eb762d74d5ed6c46ff22119f27a42ed6edc8f9"},
    {file = "ciso8601-2.3.1.tar.gz", hash = "sha256:3212c7ffe5d8080270548b5f2692ffd2039683b6628a8d2ad456122cc5793c4c"},
]

[[package]]
name = "jsonschema"
version = "4.23.0"
description = "An implementation of JSON Schema validation for Python"
optional = false
python-versions = ">=3.8"
files = [
    {file = "jsonschema-4.23.0-py3-none-any.whl", hash = "sha256:fbadb6f8b144a8f8cf9f0b89ba94501d143e50411a1278633f56a7acf7fd5566"},
    {file = "jsonschema-4.23.0.tar.gz", hash = "sha256:d71497fef26351a33265337fa77ffeb82423f3ea21283cd9467bb03999266bc4"},
]

[package.dependencies]
attrs = ">=22.2.0"
jsonschema-specifications = ">=2023.03.6"
referencing = ">=0.28.4"
rpds-py = ">=0.7.1"

[package.extras]
format = ["fqdn", "idna", "isoduration", "jsonpointer (>1.13)", "rfc3339-validator", "rfc3987", "uri-template", "webcolors (>=1.11)"]
format-nongpl = ["fqdn", "idna", "isoduration", "jsonpointer (>1.13)", "rfc3339-validator", "rfc3986-validator (>0.1.0)", "uri-template", "webcolors (>=24.6.0)"]

[[package]]
name = "jsonschema-specifications"
version = "2024.10.1"
description = "The JSON Schema meta-schemas and vocabularies, exposed as a Registry"
optional = false
python-versions = ">=3.9"
files = [
    {file = "jsonschema_specifications-2024.10.1-py3-none-any.whl", hash = "sha256:a09a0680616357d9a0ecf05c12ad234479f549239d0f5b55f3deea67475da9bf"},
    {file = "jsonschema_specifications-2024.10.1.tar.gz", hash = "sha256:0f38b83639958ce1152d02a7f062902c41c8fd20d558b0c34344292d417ae272"},
]

[package.dependencies]
referencing = ">=0.31.0"

[[package]]
name = "python-dateutil"
version = "2.9.0.post0"
description = "Extensions to the standard Python datetime module"
optional = false
python-versions = "!=3.0.*,!=3.1.*,!=3.2.*,>=2.7"
files = [
    {file = "python-dateutil-2.9.0.post0.tar.gz", hash = "sha256:37dd54208da7e1cd875388217d5e00ebd4179249f90fb72437e91a35459a0ad3"},
    {file = "python_dateutil-2.9.0.post0-py2.py3-none-any.whl", hash = "sha256:a8b2bc7bffae282281c8140a97d3aa9c14da0b136dfe83f850eea9a5f7470427"},
]

[package.dependencies]
six = ">=1.5"

[[package]]
name = "pytz"
version = "2024.2"
description = "World timezone definitions, modern and historical"
optional = false
python-versions = "*"
files = [
    {file = "pytz-2024.2-py2.py3-none-any.whl", hash = "sha256:31c7c1817eb7fae7ca4b8c7ee50c72f93aa2dd863de768e1ef4245d426aa0725"},
    {file = "pytz-2024.2.tar.gz", hash = "sha256:2aa355083c50a0f93fa581709deac0c9ad65cca8a9e9beac660adcbd493c798a"},
]

[[package]]
name = "referencing"
version = "0.35.1"
description = "JSON Referencing + Python"
optional = false
python-versions = ">=3.8"
files = [
    {file = "referencing-0.35.1-py3-none-any.whl", hash = "sha256:eda6d3234d62814d1c64e305c1331c9a3a6132da475ab6382eaa997b21ee75de"},
    {file = "referencing-0.35.1.tar.gz", hash = "sha256:25b42124a6c8b632a425174f24087783efb348a6f1e0008e63cd4466fedf703c"},
]

[package.dependencies]
attrs = ">=22.2.0"
rpds-py = ">=0.7.0"

[[package]]
name = "rpds-py"
version = "0.21.0"
description = "Python bindings to Rust's persistent data structures (rpds)"
optional = false
python-versions = ">=3.9"
files = [
    {file = "rpds_py-0.21.0-cp310-cp310-macosx_10_12_x86_64.whl", hash = "sha256:a017f813f24b9df929674d0332a374d40d7f0162b326562daae8066b502d0590"},
    {file = "rpds_py-0.21.0-cp310-cp310-macosx_11_0_arm64.whl", hash = "sha256:20cc1ed0bcc86d8e1a7e968cce15be45178fd16e2ff656a243145e0b439bd250"},
    {file = "rpds_py-0.21.0-cp310-cp310-manylinux_2_17_aarch64.manylinux2014_aarch64.whl", hash = "sha256:ad116dda078d0bc4886cb7840e19811562acdc7a8e296ea6ec37e70326c1b41c"},
    {file = "rpds_py-0.21.0-cp310-cp310-manylinux_2_17_armv7l.manylinux2014_armv7l.whl", hash = "sha256:808f1ac7cf3b44f81c9475475ceb221f982ef548e44e024ad5f9e7060649540e"},
    {file = "rpds_py-0.21.0-cp310-cp310-manylinux_2_17_ppc64le.manylinux2014_ppc64le.whl", hash = "sha256:de552f4a1916e520f2703ec474d2b4d3f86d41f353e7680b597512ffe7eac5d0"},
    {file = "rpds_py-0.21.0-cp310-cp310-manylinux_2_17_s390x.manylinux2014_s390x.whl", hash = "sha256:efec946f331349dfc4ae9d0e034c263ddde19414fe5128580f512619abed05f1"},
    {file = "rpds_py-0.21.0-cp310-cp310-manylinux_2_17_x86_64.manylinux2014_x86_64.whl", hash = "sha256:b80b4690bbff51a034bfde9c9f6bf9357f0a8c61f548942b80f7b66356508bf5"},
    {file = "rpds_py-0.21.0-cp310-cp310-manylinux_2_5_i686.manylinux1_i686.whl", hash = "sha256:085ed25baac88953d4283e5b5bd094b155075bb40d07c29c4f073e10623f9f2e"},
    {file = "rpds_py-0.21.0-cp310-cp310-musllinux_1_2_aarch64.whl", hash = "sha256:daa8efac2a1273eed2354397a51216ae1e198ecbce9036fba4e7610b308b6153"},
    {file = "rpds_py-0.21.0-cp310-cp310-musllinux_1_2_i686.whl", hash = "sha256:95a5bad1ac8a5c77b4e658671642e4af3707f095d2b78a1fdd08af0dfb647624"},
    {file = "rpds_py-0.21.0-cp310-cp310-musllinux_1_2_x86_64.whl", hash = "sha256:3e53861b29a13d5b70116ea4230b5f0f3547b2c222c5daa090eb7c9c82d7f664"},
    {file = "rpds_py-0.21.0-cp310-none-win32.whl", hash = "sha256:ea3a6ac4d74820c98fcc9da4a57847ad2cc36475a8bd9683f32ab6d47a2bd682"},
    {file = "rpds_py-0.21.0-cp310-none-win_amd64.whl", hash = "sha256:b8f107395f2f1d151181880b69a2869c69e87ec079c49c0016ab96860b6acbe5"},
    {file = "rpds_py-0.21.0-cp311-cp311-macosx_10_12_x86_64.whl", hash = "sha256:5555db3e618a77034954b9dc547eae94166391a98eb867905ec8fcbce1308d95"},
    {file = "rpds_py-0.21.0-cp311-cp311-macosx_11_0_arm64.whl", hash = "sha256:97ef67d9bbc3e15584c2f3c74bcf064af36336c10d2e21a2131e123ce0f924c9"},
    {file = "rpds_py-0.21.0-cp311-cp311-manylinux_2_17_aarch64.manylinux2014_aarch64.whl", hash = "sha256:4ab2c2a26d2f69cdf833174f4d9d86118edc781ad9a8fa13970b527bf8236027"},
    {file = "rpds_py-0.21.0-cp311-cp311-manylinux_2_17_armv7l.manylinux2014_armv7l.whl", hash = "sha256:4e8921a259f54bfbc755c5bbd60c82bb2339ae0324163f32868f63f0ebb873d9"},
    {file = "rpds_py-0.21.0-cp311-cp311-manylinux_2_17_ppc64le.manylinux2014_ppc64le.whl", hash = "sha256:8a7ff941004d74d55a47f916afc38494bd1cfd4b53c482b77c03147c91ac0ac3"},
    {file = "rpds_py-0.21.0-cp311-cp311-manylinux_2_17_s390x.manylinux2014_s390x.whl", hash = "sha256:5145282a7cd2ac16ea0dc46b82167754d5e103a05614b724457cffe614f25bd8"},
    {file = "rpds_py-0.21.0-cp311-cp311-manylinux_2_17_x86_64.manylinux2014_x86_64.whl", hash = "sha256:de609a6f1b682f70bb7163da745ee815d8f230d97276db049ab447767466a09d"},
    {file = "rpds_py-0.21.0-cp311-cp311-manylinux_2_5_i686.manylinux1_i686.whl", hash = "sha256:40c91c6e34cf016fa8e6b59d75e3dbe354830777fcfd74c58b279dceb7975b75"},
    {file = "rpds_py-0.21.0-cp311-cp311-musllinux_1_2_aarch64.whl", hash = "sha256:d2132377f9deef0c4db89e65e8bb28644ff75a18df5293e132a8d67748397b9f"},
    {file = "rpds_py-0.21.0-cp311-cp311-musllinux_1_2_i686.whl", hash = "sha256:0a9e0759e7be10109645a9fddaaad0619d58c9bf30a3f248a2ea57a7c417173a"},
    {file = "rpds_py-0.21.0-cp311-cp311-musllinux_1_2_x86_64.whl", hash = "sha256:9e20da3957bdf7824afdd4b6eeb29510e83e026473e04952dca565170cd1ecc8"},
    {file = "rpds_py-0.21.0-cp311-none-win32.whl", hash = "sha256:f71009b0d5e94c0e86533c0b27ed7cacc1239cb51c178fd239c3cfefefb0400a"},
    {file = "rpds_py-0.21.0-cp311-none-win_amd64.whl", hash = "sha256:e168afe6bf6ab7ab46c8c375606298784ecbe3ba31c0980b7dcbb9631dcba97e"},
    {file = "rpds_py-0.21.0-cp312-cp312-macosx_10_12_x86_64.whl", hash = "sha256:30b912c965b2aa76ba5168fd610087bad7fcde47f0a8367ee8f1876086ee6d1d"},
    {file = "rpds_py-0.21.0-cp312-cp312-macosx_11_0_arm64.whl", hash = "sha256:ca9989d5d9b1b300bc18e1801c67b9f6d2c66b8fd9621b36072ed1df2c977f72"},
    {file = "rpds_py-0.21.0-cp312-cp312-manylinux_2_17_aarch64.manylinux2014_aarch64.whl", hash = "sha256:6f54e7106f0001244a5f4cf810ba8d3f9c542e2730821b16e969d6887b664266"},
    {file = "rpds_py-0.21.0-cp312-cp312-manylinux_2_17_armv7l.manylinux2014_armv7l.whl", hash = "sha256:fed5dfefdf384d6fe975cc026886aece4f292feaf69d0eeb716cfd3c5a4dd8be"},
    {file = "rpds_py-0.21.0-cp312-cp312-manylinux_2_17_ppc64le.manylinux2014_ppc64le.whl", hash = "sha256:590ef88db231c9c1eece44dcfefd7515d8bf0d986d64d0caf06a81998a9e8cab"},
    {file = "rpds_py-0.21.0-cp312-cp312-manylinux_2_17_s390x.manylinux2014_s390x.whl", hash = "sha256:f983e4c2f603c95dde63df633eec42955508eefd8d0f0e6d236d31a044c882d7"},
    {file = "rpds_py-0.21.0-cp312-cp312-manylinux_2_17_x86_64.manylinux2014_x86_64.whl", hash = "sha256:b229ce052ddf1a01c67d68166c19cb004fb3612424921b81c46e7ea7ccf7c3bf"},
    {file = "rpds_py-0.21.0-cp312-cp312-manylinux_2_5_i686.manylinux1_i686.whl", hash = "sha256:ebf64e281a06c904a7636781d2e973d1f0926a5b8b480ac658dc0f556e7779f4"},
    {file = "rpds_py-0.21.0-cp312-cp312-musllinux_1_2_aarch64.whl", hash = "sha256:998a8080c4495e4f72132f3d66ff91f5997d799e86cec6ee05342f8f3cda7dca"},
    {file = "rpds_py-0.21.0-cp312-cp312-musllinux_1_2_i686.whl", hash = "sha256:98486337f7b4f3c324ab402e83453e25bb844f44418c066623db88e4c56b7c7b"},
    {file = "rpds_py-0.21.0-cp312-cp312-musllinux_1_2_x86_64.whl", hash = "sha256:a78d8b634c9df7f8d175451cfeac3810a702ccb85f98ec95797fa98b942cea11"},
    {file = "rpds_py-0.21.0-cp312-none-win32.whl", hash = "sha256:a58ce66847711c4aa2ecfcfaff04cb0327f907fead8945ffc47d9407f41ff952"},
    {file = "rpds_py-0.21.0-cp312-none-win_amd64.whl", hash = "sha256:e860f065cc4ea6f256d6f411aba4b1251255366e48e972f8a347cf88077b24fd"},
    {file = "rpds_py-0.21.0-cp313-cp313-macosx_10_12_x86_64.whl", hash = "sha256:ee4eafd77cc98d355a0d02f263efc0d3ae3ce4a7c24740010a8b4012bbb24937"},
    {file = "rpds_py-0.21.0-cp313-cp313-macosx_11_0_arm64.whl", hash = "sha256:688c93b77e468d72579351a84b95f976bd7b3e84aa6686be6497045ba84be560"},
    {file = "rpds_py-0.21.0-cp313-cp313-manylinux_2_17_aarch64.manylinux2014_aarch64.whl", hash = "sha256:c38dbf31c57032667dd5a2f0568ccde66e868e8f78d5a0d27dcc56d70f3fcd3b"},
    {file = "rpds_py-0.21.0-cp313-cp313-manylinux_2_17_armv7l.manylinux2014_armv7l.whl", hash = "sha256:2d6129137f43f7fa02d41542ffff4871d4aefa724a5fe38e2c31a4e0fd343fb0"},
    {file = "rpds_py-0.21.0-cp313-cp313-manylinux_2_17_ppc64le.manylinux2014_ppc64le.whl", hash = "sha256:520ed8b99b0bf86a176271f6fe23024323862ac674b1ce5b02a72bfeff3fff44"},
    {file = "rpds_py-0.21.0-cp313-cp313-manylinux_2_17_s390x.manylinux2014_s390x.whl", hash = "sha256:aaeb25ccfb9b9014a10eaf70904ebf3f79faaa8e60e99e19eef9f478651b9b74"},
    {file = "rpds_py-0.21.0-cp313-cp313-manylinux_2_17_x86_64.manylinux2014_x86_64.whl", hash = "sha256:af04ac89c738e0f0f1b913918024c3eab6e3ace989518ea838807177d38a2e94"},
    {file = "rpds_py-0.21.0-cp313-cp313-manylinux_2_5_i686.manylinux1_i686.whl", hash = "sha256:b9b76e2afd585803c53c5b29e992ecd183f68285b62fe2668383a18e74abe7a3"},
    {file = "rpds_py-0.21.0-cp313-cp313-musllinux_1_2_aarch64.whl", hash = "sha256:5afb5efde74c54724e1a01118c6e5c15e54e642c42a1ba588ab1f03544ac8c7a"},
    {file = "rpds_py-0.21.0-cp313-cp313-musllinux_1_2_i686.whl", hash = "sha256:52c041802a6efa625ea18027a0723676a778869481d16803481ef6cc02ea8cb3"},
    {file = "rpds_py-0.21.0-cp313-cp313-musllinux_1_2_x86_64.whl", hash = "sha256:ee1e4fc267b437bb89990b2f2abf6c25765b89b72dd4a11e21934df449e0c976"},
    {file = "rpds_py-0.21.0-cp313-none-win32.whl", hash = "sha256:0c025820b78817db6a76413fff6866790786c38f95ea3f3d3c93dbb73b632202"},
    {file = "rpds_py-0.21.0-cp313-none-win_amd64.whl", hash = "sha256:320c808df533695326610a1b6a0a6e98f033e49de55d7dc36a13c8a30cfa756e"},
    {file = "rpds_py-0.21.0-cp39-cp39-macosx_10_12_x86_64.whl", hash = "sha256:2c51d99c30091f72a3c5d126fad26236c3f75716b8b5e5cf8effb18889ced928"},
    {file = "rpds_py-0.21.0-cp39-cp39-macosx_11_0_arm64.whl", hash = "sha256:cbd7504a10b0955ea287114f003b7ad62330c9e65ba012c6223dba646f6ffd05"},
    {file = "rpds_py-0.21.0-cp39-cp39-manylinux_2_17_aarch64.manylinux2014_aarch64.whl", hash = "sha256:6dcc4949be728ede49e6244eabd04064336012b37f5c2200e8ec8eb2988b209c"},
    {file = "rpds_py-0.21.0-cp39-cp39-manylinux_2_17_armv7l.manylinux2014_armv7l.whl", hash = "sha256:f414da5c51bf350e4b7960644617c130140423882305f7574b6cf65a3081cecb"},
    {file = "rpds_py-0.21.0-cp39-cp39-manylinux_2_17_ppc64le.manylinux2014_ppc64le.whl", hash = "sha256:9afe42102b40007f588666bc7de82451e10c6788f6f70984629db193849dced1"},
    {file = "rpds_py-0.21.0-cp39-cp39-manylinux_2_17_s390x.manylinux2014_s390x.whl", hash = "sha256:3b929c2bb6e29ab31f12a1117c39f7e6d6450419ab7464a4ea9b0b417174f044"},
    {file = "rpds_py-0.21.0-cp39-cp39-manylinux_2_17_x86_64.manylinux2014_x86_64.whl", hash = "sha256:8404b3717da03cbf773a1d275d01fec84ea007754ed380f63dfc24fb76ce4592"},
    {file = "rpds_py-0.21.0-cp39-cp39-manylinux_2_5_i686.manylinux1_i686.whl", hash = "sha256:e12bb09678f38b7597b8346983d2323a6482dcd59e423d9448108c1be37cac9d"},
    {file = "rpds_py-0.21.0-cp39-cp39-musllinux_1_2_aarch64.whl", hash = "sha256:58a0e345be4b18e6b8501d3b0aa540dad90caeed814c515e5206bb2ec26736fd"},
    {file = "rpds_py-0.21.0-cp39-cp39-musllinux_1_2_i686.whl", hash = "sha256:c3761f62fcfccf0864cc4665b6e7c3f0c626f0380b41b8bd1ce322103fa3ef87"},
    {file = "rpds_py-0.21.0-cp39-cp39-musllinux_1_2_x86_64.whl", hash = "sha256:c2b2f71c6ad6c2e4fc9ed9401080badd1469fa9889657ec3abea42a3d6b2e1ed"},
    {file = "rpds_py-0.21.0-cp39-none-win32.whl", hash = "sha256:b21747f79f360e790525e6f6438c7569ddbfb1b3197b9e65043f25c3c9b489d8"},
    {file = "rpds_py-0.21.0-cp39-none-win_amd64.whl", hash = "sha256:0626238a43152918f9e72ede9a3b6ccc9e299adc8ade0d67c5e142d564c9a83d"},
    {file = "rpds_py-0.21.0-pp310-pypy310_pp73-macosx_10_12_x86_64.whl", hash = "sha256:6b4ef7725386dc0762857097f6b7266a6cdd62bfd209664da6712cb26acef035"},
    {file = "rpds_py-0.21.0-pp310-pypy310_pp73-macosx_11_0_arm64.whl", hash = "sha256:6bc0e697d4d79ab1aacbf20ee5f0df80359ecf55db33ff41481cf3e24f206919"},
    {file = "rpds_py-0.21.0-pp310-pypy310_pp73-manylinux_2_17_aarch64.manylinux2014_aarch64.whl", hash = "sha256:da52d62a96e61c1c444f3998c434e8b263c384f6d68aca8274d2e08d1906325c"},
    {file = "rpds_py-0.21.0-pp310-pypy310_pp73-manylinux_2_17_armv7l.manylinux2014_armv7l.whl", hash = "sha256:98e4fe5db40db87ce1c65031463a760ec7906ab230ad2249b4572c2fc3ef1f9f"},
    {file = "rpds_py-0.21.0-pp310-pypy310_pp73-manylinux_2_17_ppc64le.manylinux2014_ppc64le.whl", hash = "sha256:30bdc973f10d28e0337f71d202ff29345320f8bc49a31c90e6c257e1ccef4333"},
    {file = "rpds_py-0.21.0-pp310-pypy310_pp73-manylinux_2_17_s390x.manylinux2014_s390x.whl", hash = "sha256:faa5e8496c530f9c71f2b4e1c49758b06e5f4055e17144906245c99fa6d45356"},
    {file = "rpds_py-0.21.0-pp310-pypy310_pp73-manylinux_2_17_x86_64.manylinux2014_x86_64.whl", hash = "sha256:32eb88c30b6a4f0605508023b7141d043a79b14acb3b969aa0b4f99b25bc7d4a"},
    {file = "rpds_py-0.21.0-pp310-pypy310_pp73-manylinux_2_5_i686.manylinux1_i686.whl", hash = "sha256:a89a8ce9e4e75aeb7fa5d8ad0f3fecdee813802592f4f46a15754dcb2fd6b061"},
    {file = "rpds_py-0.21.0-pp310-pypy310_pp73-musllinux_1_2_aarch64.whl", hash = "sha256:241e6c125568493f553c3d0fdbb38c74babf54b45cef86439d4cd97ff8feb34d"},
    {file = "rpds_py-0.21.0-pp310-pypy310_pp73-musllinux_1_2_i686.whl", hash = "sha256:3b766a9f57663396e4f34f5140b3595b233a7b146e94777b97a8413a1da1be18"},
    {file = "rpds_py-0.21.0-pp310-pypy310_pp73-musllinux_1_2_x86_64.whl", hash = "sha256:af4a644bf890f56e41e74be7d34e9511e4954894d544ec6b8efe1e21a1a8da6c"},
    {file = "rpds_py-0.21.0-pp310-pypy310_pp73-win_amd64.whl", hash = "sha256:3e30a69a706e8ea20444b98a49f386c17b26f860aa9245329bab0851ed100677"},
    {file = "rpds_py-0.21.0-pp39-pypy39_pp73-macosx_10_12_x86_64.whl", hash = "sha256:031819f906bb146561af051c7cef4ba2003d28cff07efacef59da973ff7969ba"},
    {file = "rpds_py-0.21.0-pp39-pypy39_pp73-macosx_11_0_arm64.whl", hash = "sha256:b876f2bc27ab5954e2fd88890c071bd0ed18b9c50f6ec3de3c50a5ece612f7a6"},
    {file = "rpds_py-0.21.0-pp39-pypy39_pp73-manylinux_2_17_aarch64.manylinux2014_aarch64.whl", hash = "sha256:dc5695c321e518d9f03b7ea6abb5ea3af4567766f9852ad1560f501b17588c7b"},
    {file = "rpds_py-0.21.0-pp39-pypy39_pp73-manylinux_2_17_armv7l.manylinux2014_armv7l.whl", hash = "sha256:b4de1da871b5c0fd5537b26a6fc6814c3cc05cabe0c941db6e9044ffbb12f04a"},
    {file = "rpds_py-0.21.0-pp39-pypy39_pp73-manylinux_2_17_ppc64le.manylinux2014_ppc64le.whl", hash = "sha256:878f6fea96621fda5303a2867887686d7a198d9e0f8a40be100a63f5d60c88c9"},
    {file = "rpds_py-0.21.0-pp39-pypy39_pp73-manylinux_2_17_s390x.manylinux2014_s390x.whl", hash = "sha256:a8eeec67590e94189f434c6d11c426892e396ae59e4801d17a93ac96b8c02a6c"},
    {file = "rpds_py-0.21.0-pp39-pypy39_pp73-manylinux_2_17_x86_64.manylinux2014_x86_64.whl", hash = "sha256:1ff2eba7f6c0cb523d7e9cff0903f2fe1feff8f0b2ceb6bd71c0e20a4dcee271"},
    {file = "rpds_py-0.21.0-pp39-pypy39_pp73-manylinux_2_5_i686.manylinux1_i686.whl", hash = "sha256:a429b99337062877d7875e4ff1a51fe788424d522bd64a8c0a20ef3021fdb6ed"},
    {file = "rpds_py-0.21.0-pp39-pypy39_pp73-musllinux_1_2_aarch64.whl", hash = "sha256:d167e4dbbdac48bd58893c7e446684ad5d425b407f9336e04ab52e8b9194e2ed"},
    {file = "rpds_py-0.21.0-pp39-pypy39_pp73-musllinux_1_2_i686.whl", hash = "sha256:4eb2de8a147ffe0626bfdc275fc6563aa7bf4b6db59cf0d44f0ccd6ca625a24e"},
    {file = "rpds_py-0.21.0-pp39-pypy39_pp73-musllinux_1_2_x86_64.whl", hash = "sha256:e78868e98f34f34a88e23ee9ccaeeec460e4eaf6db16d51d7a9b883e5e785a5e"},
    {file = "rpds_py-0.21.0-pp39-pypy39_pp73-win_amd64.whl", hash = "sha256:4991ca61656e3160cdaca4851151fd3f4a92e9eba5c7a530ab030d6aee96ec89"},
    {file = "rpds_py-0.21.0.tar.gz", hash = "sha256:ed6378c9d66d0de903763e7706383d60c33829581f0adff47b6535f1802fa6db"},
]

[[package]]
name = "setuptools"
version = "70.3.0"
description = "Easily download, build, install, upgrade, and uninstall Python packages"
optional = false
python-versions = ">=3.8"
files = [
    {file = "setuptools-70.3.0-py3-none-any.whl", hash = "sha256:fe384da74336c398e0d956d1cae0669bc02eed936cdb1d49b57de1990dc11ffc"},
    {file = "setuptools-70.3.0.tar.gz", hash = "sha256:f171bab1dfbc86b132997f26a119f6056a57950d058587841a0082e8830f9dc5"},
]

[package.extras]
doc = ["furo", "jaraco.packaging (>=9.3)", "jaraco.tidelift (>=1.4)", "pygments-github-lexers (==0.0.5)", "pyproject-hooks (!=1.1)", "rst.linker (>=1.9)", "sphinx (>=3.5)", "sphinx-favicon", "sphinx-inline-tabs", "sphinx-lint", "sphinx-notfound-page (>=1,<2)", "sphinx-reredirects", "sphinxcontrib-towncrier"]
test = ["build[virtualenv] (>=1.0.3)", "filelock (>=3.4.0)", "importlib-metadata", "ini2toml[lite] (>=0.14)", "jaraco.develop (>=7.21)", "jaraco.envs (>=2.2)", "jaraco.path (>=3.2.0)", "jaraco.test", "mypy (==1.10.0)", "packaging (>=23.2)", "pip (>=19.1)", "pyproject-hooks (!=1.1)", "pytest (>=6,!=8.1.*)", "pytest-checkdocs (>=2.4)", "pytest-cov", "pytest-enabler (>=2.2)", "pytest-home (>=0.5)", "pytest-mypy", "pytest-perf", "pytest-ruff (>=0.3.2)", "pytest-subprocess", "pytest-timeout", "pytest-xdist (>=3)", "tomli", "tomli-w (>=1.0.0)", "virtualenv (>=13.0.0)", "wheel"]

[[package]]
name = "simplejson"
version = "3.19.3"
description = "Simple, fast, extensible JSON encoder/decoder for Python"
optional = false
python-versions = "!=3.0.*,!=3.1.*,!=3.2.*,>=2.5"
files = [
    {file = "simplejson-3.19.3-cp27-cp27m-manylinux1_i686.whl", hash = "sha256:f39caec26007a2d0efab6b8b1d74873ede9351962707afab622cc2285dd26ed0"},
    {file = "simplejson-3.19.3-cp27-cp27m-manylinux1_x86_64.whl", hash = "sha256:83c87706265ae3028e8460d08b05f30254c569772e859e5ba61fe8af2c883468"},
    {file = "simplejson-3.19.3-cp27-cp27m-manylinux2010_i686.whl", hash = "sha256:0b5ddd2c7d1d3f4d23224bc8a04bbf1430ae9a8149c05b90f8fc610f7f857a23"},
    {file = "simplejson-3.19.3-cp27-cp27m-manylinux2010_x86_64.whl", hash = "sha256:ad0e0b1ce9bd3edb5cf64b5b5b76eacbfdac8c5367153aeeec8a8b1407f68342"},
    {file = "simplejson-3.19.3-cp27-cp27mu-manylinux1_i686.whl", hash = "sha256:93be280fc69a952c76e261036312c20b910e7fa9e234f1d89bdfe3fa34f8a023"},
    {file = "simplejson-3.19.3-cp27-cp27mu-manylinux1_x86_64.whl", hash = "sha256:6d43e24b88c80f997081503f693be832fc90854f278df277dd54f8a4c847ab61"},
    {file = "simplejson-3.19.3-cp27-cp27mu-manylinux2010_i686.whl", hash = "sha256:2876027ebdd599d730d36464debe84619b0368e9a642ca6e7c601be55aed439e"},
    {file = "simplejson-3.19.3-cp27-cp27mu-manylinux2010_x86_64.whl", hash = "sha256:0766ca6222b410e08e0053a0dda3606cafb3973d5d00538307f631bb59743396"},
    {file = "simplejson-3.19.3-cp310-cp310-macosx_10_9_universal2.whl", hash = "sha256:50d8b742d74c449c4dcac570d08ce0f21f6a149d2d9cf7652dbf2ba9a1bc729a"},
    {file = "simplejson-3.19.3-cp310-cp310-macosx_10_9_x86_64.whl", hash = "sha256:dd011fc3c1d88b779645495fdb8189fb318a26981eebcce14109460e062f209b"},
    {file = "simplejson-3.19.3-cp310-cp310-macosx_11_0_arm64.whl", hash = "sha256:637c4d4b81825c1f4d651e56210bd35b5604034b192b02d2d8f17f7ce8c18f42"},
    {file = "simplejson-3.19.3-cp310-cp310-manylinux_2_17_aarch64.manylinux2014_aarch64.whl", hash = "sha256:2f56eb03bc9e432bb81adc8ecff2486d39feb371abb442964ffb44f6db23b332"},
    {file = "simplejson-3.19.3-cp310-cp310-manylinux_2_17_ppc64le.manylinux2014_ppc64le.whl", hash = "sha256:ef59a53be400c1fad2c914b8d74c9d42384fed5174f9321dd021b7017fd40270"},
    {file = "simplejson-3.19.3-cp310-cp310-manylinux_2_5_i686.manylinux1_i686.manylinux_2_17_i686.manylinux2014_i686.whl", hash = "sha256:72e8abbc86fcac83629a030888b45fed3a404d54161118be52cb491cd6975d3e"},
    {file = "simplejson-3.19.3-cp310-cp310-manylinux_2_5_x86_64.manylinux1_x86_64.manylinux_2_17_x86_64.manylinux2014_x86_64.whl", hash = "sha256:f8efb03ca77bd7725dfacc9254df00d73e6f43013cf39bd37ef1a8ed0ebb5165"},
    {file = "simplejson-3.19.3-cp310-cp310-musllinux_1_2_aarch64.whl", hash = "sha256:add8850db04b98507a8b62d248a326ecc8561e6d24336d1ca5c605bbfaab4cad"},
    {file = "simplejson-3.19.3-cp310-cp310-musllinux_1_2_i686.whl", hash = "sha256:fc3dc9fb413fc34c396f52f4c87de18d0bd5023804afa8ab5cc224deeb6a9900"},
    {file = "simplejson-3.19.3-cp310-cp310-musllinux_1_2_ppc64le.whl", hash = "sha256:4dfa420bb9225dd33b6efdabde7c6a671b51150b9b1d9c4e5cd74d3b420b3fe1"},
    {file = "simplejson-3.19.3-cp310-cp310-musllinux_1_2_x86_64.whl", hash = "sha256:7b5c472099b39b274dcde27f1113db8d818c9aa3ba8f78cbb8ad04a4c1ac2118"},
    {file = "simplejson-3.19.3-cp310-cp310-win32.whl", hash = "sha256:817abad79241ed4a507b3caf4d3f2be5079f39d35d4c550a061988986bffd2ec"},
    {file = "simplejson-3.19.3-cp310-cp310-win_amd64.whl", hash = "sha256:dd5b9b1783e14803e362a558680d88939e830db2466f3fa22df5c9319f8eea94"},
    {file = "simplejson-3.19.3-cp311-cp311-macosx_10_9_universal2.whl", hash = "sha256:e88abff510dcff903a18d11c2a75f9964e768d99c8d147839913886144b2065e"},
    {file = "simplejson-3.19.3-cp311-cp311-macosx_10_9_x86_64.whl", hash = "sha256:934a50a614fb831614db5dbfba35127ee277624dda4d15895c957d2f5d48610c"},
    {file = "simplejson-3.19.3-cp311-cp311-macosx_11_0_arm64.whl", hash = "sha256:212fce86a22188b0c7f53533b0f693ea9605c1a0f02c84c475a30616f55a744d"},
    {file = "simplejson-3.19.3-cp311-cp311-manylinux_2_17_aarch64.manylinux2014_aarch64.whl", hash = "sha256:5d9e8f836688a8fabe6a6b41b334aa550a6823f7b4ac3d3712fc0ad8655be9a8"},
    {file = "simplejson-3.19.3-cp311-cp311-manylinux_2_17_ppc64le.manylinux2014_ppc64le.whl", hash = "sha256:23228037dc5d41c36666384062904d74409a62f52283d9858fa12f4c22cffad1"},
    {file = "simplejson-3.19.3-cp311-cp311-manylinux_2_5_i686.manylinux1_i686.manylinux_2_17_i686.manylinux2014_i686.whl", hash = "sha256:0791f64fed7d4abad639491f8a6b1ba56d3c604eb94b50f8697359b92d983f36"},
    {file = "simplejson-3.19.3-cp311-cp311-manylinux_2_5_x86_64.manylinux1_x86_64.manylinux_2_17_x86_64.manylinux2014_x86_64.whl", hash = "sha256:c4f614581b61a26fbbba232a1391f6cee82bc26f2abbb6a0b44a9bba25c56a1c"},
    {file = "simplejson-3.19.3-cp311-cp311-musllinux_1_2_aarch64.whl", hash = "sha256:1df0aaf1cb787fdf34484ed4a1f0c545efd8811f6028623290fef1a53694e597"},
    {file = "simplejson-3.19.3-cp311-cp311-musllinux_1_2_i686.whl", hash = "sha256:951095be8d4451a7182403354c22ec2de3e513e0cc40408b689af08d02611588"},
    {file = "simplejson-3.19.3-cp311-cp311-musllinux_1_2_ppc64le.whl", hash = "sha256:2a954b30810988feeabde843e3263bf187697e0eb5037396276db3612434049b"},
    {file = "simplejson-3.19.3-cp311-cp311-musllinux_1_2_x86_64.whl", hash = "sha256:c40df31a75de98db2cdfead6074d4449cd009e79f54c1ebe5e5f1f153c68ad20"},
    {file = "simplejson-3.19.3-cp311-cp311-win32.whl", hash = "sha256:7e2a098c21ad8924076a12b6c178965d88a0ad75d1de67e1afa0a66878f277a5"},
    {file = "simplejson-3.19.3-cp311-cp311-win_amd64.whl", hash = "sha256:c9bedebdc5fdad48af8783022bae307746d54006b783007d1d3c38e10872a2c6"},
    {file = "simplejson-3.19.3-cp312-cp312-macosx_10_9_universal2.whl", hash = "sha256:66a0399e21c2112acacfebf3d832ebe2884f823b1c7e6d1363f2944f1db31a99"},
    {file = "simplejson-3.19.3-cp312-cp312-macosx_10_9_x86_64.whl", hash = "sha256:6ef9383c5e05f445be60f1735c1816163c874c0b1ede8bb4390aff2ced34f333"},
    {file = "simplejson-3.19.3-cp312-cp312-macosx_11_0_arm64.whl", hash = "sha256:42e5acf80d4d971238d4df97811286a044d720693092b20a56d5e56b7dcc5d09"},
    {file = "simplejson-3.19.3-cp312-cp312-manylinux_2_17_aarch64.manylinux2014_aarch64.whl", hash = "sha256:d0b0efc7279d768db7c74d3d07f0b5c81280d16ae3fb14e9081dc903e8360771"},
    {file = "simplejson-3.19.3-cp312-cp312-manylinux_2_17_ppc64le.manylinux2014_ppc64le.whl", hash = "sha256:0552eb06e7234da892e1d02365cd2b7b2b1f8233aa5aabdb2981587b7cc92ea0"},
    {file = "simplejson-3.19.3-cp312-cp312-manylinux_2_5_i686.manylinux1_i686.manylinux_2_17_i686.manylinux2014_i686.whl", hash = "sha256:5bf6a3b9a7d7191471b464fe38f684df10eb491ec9ea454003edb45a011ab187"},
    {file = "simplejson-3.19.3-cp312-cp312-manylinux_2_5_x86_64.manylinux1_x86_64.manylinux_2_17_x86_64.manylinux2014_x86_64.whl", hash = "sha256:7017329ca8d4dca94ad5e59f496e5fc77630aecfc39df381ffc1d37fb6b25832"},
    {file = "simplejson-3.19.3-cp312-cp312-musllinux_1_2_aarch64.whl", hash = "sha256:67a20641afebf4cfbcff50061f07daad1eace6e7b31d7622b6fa2c40d43900ba"},
    {file = "simplejson-3.19.3-cp312-cp312-musllinux_1_2_i686.whl", hash = "sha256:dd6a7dabcc4c32daf601bc45e01b79175dde4b52548becea4f9545b0a4428169"},
    {file = "simplejson-3.19.3-cp312-cp312-musllinux_1_2_ppc64le.whl", hash = "sha256:08f9b443a94e72dd02c87098c96886d35790e79e46b24e67accafbf13b73d43b"},
    {file = "simplejson-3.19.3-cp312-cp312-musllinux_1_2_x86_64.whl", hash = "sha256:fa97278ae6614346b5ca41a45a911f37a3261b57dbe4a00602048652c862c28b"},
    {file = "simplejson-3.19.3-cp312-cp312-win32.whl", hash = "sha256:ef28c3b328d29b5e2756903aed888960bc5df39b4c2eab157ae212f70ed5bf74"},
    {file = "simplejson-3.19.3-cp312-cp312-win_amd64.whl", hash = "sha256:1e662336db50ad665777e6548b5076329a94a0c3d4a0472971c588b3ef27de3a"},
    {file = "simplejson-3.19.3-cp313-cp313-macosx_10_13_universal2.whl", hash = "sha256:0959e6cb62e3994b5a40e31047ff97ef5c4138875fae31659bead691bed55896"},
    {file = "simplejson-3.19.3-cp313-cp313-macosx_10_13_x86_64.whl", hash = "sha256:7a7bfad839c624e139a4863007233a3f194e7c51551081f9789cba52e4da5167"},
    {file = "simplejson-3.19.3-cp313-cp313-macosx_11_0_arm64.whl", hash = "sha256:afab2f7f2486a866ff04d6d905e9386ca6a231379181a3838abce1f32fbdcc37"},
    {file = "simplejson-3.19.3-cp313-cp313-manylinux_2_17_aarch64.manylinux2014_aarch64.whl", hash = "sha256:d00313681015ac498e1736b304446ee6d1c72c5b287cd196996dad84369998f7"},
    {file = "simplejson-3.19.3-cp313-cp313-manylinux_2_17_ppc64le.manylinux2014_ppc64le.whl", hash = "sha256:d936ae682d5b878af9d9eb4d8bb1fdd5e41275c8eb59ceddb0aeed857bb264a2"},
    {file = "simplejson-3.19.3-cp313-cp313-manylinux_2_5_i686.manylinux1_i686.manylinux_2_17_i686.manylinux2014_i686.whl", hash = "sha256:01c6657485393f2e9b8177c77a7634f13ebe70d5e6de150aae1677d91516ce6b"},
    {file = "simplejson-3.19.3-cp313-cp313-manylinux_2_5_x86_64.manylinux1_x86_64.manylinux_2_17_x86_64.manylinux2014_x86_64.whl", hash = "sha256:2a6a750d3c7461b1c47cfc6bba8d9e57a455e7c5f80057d2a82f738040dd1129"},
    {file = "simplejson-3.19.3-cp313-cp313-musllinux_1_2_aarch64.whl", hash = "sha256:ea7a4a998c87c5674a27089e022110a1a08a7753f21af3baf09efe9915c23c3c"},
    {file = "simplejson-3.19.3-cp313-cp313-musllinux_1_2_i686.whl", hash = "sha256:6300680d83a399be2b8f3b0ef7ef90b35d2a29fe6e9c21438097e0938bbc1564"},
    {file = "simplejson-3.19.3-cp313-cp313-musllinux_1_2_ppc64le.whl", hash = "sha256:ab69f811a660c362651ae395eba8ce84f84c944cea0df5718ea0ba9d1e4e7252"},
    {file = "simplejson-3.19.3-cp313-cp313-musllinux_1_2_x86_64.whl", hash = "sha256:256e09d0f94d9c3d177d9e95fd27a68c875a4baa2046633df387b86b652f5747"},
    {file = "simplejson-3.19.3-cp313-cp313-win32.whl", hash = "sha256:2c78293470313aefa9cfc5e3f75ca0635721fb016fb1121c1c5b0cb8cc74712a"},
    {file = "simplejson-3.19.3-cp313-cp313-win_amd64.whl", hash = "sha256:3bbcdc438dc1683b35f7a8dc100960c721f922f9ede8127f63bed7dfded4c64c"},
    {file = "simplejson-3.19.3-cp36-cp36m-macosx_10_9_x86_64.whl", hash = "sha256:89b35433186e977fa86ff1fd179c1fadff39cfa3afa1648dab0b6ca53153acd9"},
    {file = "simplejson-3.19.3-cp36-cp36m-manylinux_2_17_aarch64.manylinux2014_aarch64.whl", hash = "sha256:d43c2d7504eda566c50203cdc9dc043aff6f55f1b7dae0dcd79dfefef9159d1c"},
    {file = "simplejson-3.19.3-cp36-cp36m-manylinux_2_17_ppc64le.manylinux2014_ppc64le.whl", hash = "sha256:6890ff9cf0bd2e1d487e2a8869ebd620a44684c0a9667fa5ee751d099d5d84c8"},
    {file = "simplejson-3.19.3-cp36-cp36m-manylinux_2_5_i686.manylinux1_i686.manylinux_2_17_i686.manylinux2014_i686.whl", hash = "sha256:1069143a8fb3905e1bc0696c62be7e3adf812e9f1976ac9ae15b05112ff57cc9"},
    {file = "simplejson-3.19.3-cp36-cp36m-manylinux_2_5_x86_64.manylinux1_x86_64.manylinux_2_17_x86_64.manylinux2014_x86_64.whl", hash = "sha256:cb324bb903330cbb35d87cce367a12631cd5720afa06e5b9c906483970946da6"},
    {file = "simplejson-3.19.3-cp36-cp36m-musllinux_1_2_aarch64.whl", hash = "sha256:0a32859d45d7b85fb803bb68f6bee14526991a1190269116c33399fa0daf9bbf"},
    {file = "simplejson-3.19.3-cp36-cp36m-musllinux_1_2_i686.whl", hash = "sha256:23833ee7e791ec968b744dfee2a2d39df7152050051096caf4296506d75608d8"},
    {file = "simplejson-3.19.3-cp36-cp36m-musllinux_1_2_ppc64le.whl", hash = "sha256:d73efb03c5b39249c82488a994f0998f9e4399e3d085209d2120503305ba77a8"},
    {file = "simplejson-3.19.3-cp36-cp36m-musllinux_1_2_x86_64.whl", hash = "sha256:7923878b7a0142d39763ec2dbecff3053c1bedd3653585a8474666e420fe83f5"},
    {file = "simplejson-3.19.3-cp36-cp36m-win32.whl", hash = "sha256:7355c7203353c36d46c4e7b6055293b3d2be097bbc5e2874a2b8a7259f0325dd"},
    {file = "simplejson-3.19.3-cp36-cp36m-win_amd64.whl", hash = "sha256:d1b8b4d6379fe55f471914345fe6171d81a18649dacf3248abfc9c349b4442eb"},
    {file = "simplejson-3.19.3-cp37-cp37m-macosx_10_9_x86_64.whl", hash = "sha256:d36608557b4dcd7a62c29ad4cd7c5a1720bbf7dc942eff9dc42d2c542a5f042d"},
    {file = "simplejson-3.19.3-cp37-cp37m-manylinux_2_17_aarch64.manylinux2014_aarch64.whl", hash = "sha256:7137e69c6781ecf23afab064be94a277236c9cba31aa48ff1a0ec3995c69171e"},
    {file = "simplejson-3.19.3-cp37-cp37m-manylinux_2_17_ppc64le.manylinux2014_ppc64le.whl", hash = "sha256:76f8c28fe2d426182405b18ddf3001fce47835a557dc15c3d8bdea01c03361da"},
    {file = "simplejson-3.19.3-cp37-cp37m-manylinux_2_5_i686.manylinux1_i686.manylinux_2_17_i686.manylinux2014_i686.whl", hash = "sha256:ff7bc1bbdaa3e487c9469128bf39408e91f5573901cb852e03af378d3582c52d"},
    {file = "simplejson-3.19.3-cp37-cp37m-manylinux_2_5_x86_64.manylinux1_x86_64.manylinux_2_17_x86_64.manylinux2014_x86_64.whl", hash = "sha256:a0782cb9bf827f0c488b6aa0f2819f618308a3caf2973cfd792e45d631bec4db"},
    {file = "simplejson-3.19.3-cp37-cp37m-musllinux_1_2_aarch64.whl", hash = "sha256:6fea0716c593dabb4392c4996d4e902a83b2428e6da82938cf28a523a11eb277"},
    {file = "simplejson-3.19.3-cp37-cp37m-musllinux_1_2_i686.whl", hash = "sha256:8f41bb5370b34f63171e65fdb00e12be1d83675cecb23e627df26f4c88dfc021"},
    {file = "simplejson-3.19.3-cp37-cp37m-musllinux_1_2_ppc64le.whl", hash = "sha256:37105d1d708365b91165e1a6e505bdecc88637091348cf4b6adcdcb4f5a5fb8b"},
    {file = "simplejson-3.19.3-cp37-cp37m-musllinux_1_2_x86_64.whl", hash = "sha256:b9198c1f1f8910a3b86b60f4fe2556d9d28d3fefe35bffe6be509a27402e694d"},
    {file = "simplejson-3.19.3-cp37-cp37m-win32.whl", hash = "sha256:bc164f32dd9691e7082ce5df24b4cf8c6c394bbf9bdeeb5d843127cd07ab8ad2"},
    {file = "simplejson-3.19.3-cp37-cp37m-win_amd64.whl", hash = "sha256:1bd41f2cb1a2c57656ceff67b12d005cb255c728265e222027ad73193a04005a"},
    {file = "simplejson-3.19.3-cp38-cp38-macosx_10_9_universal2.whl", hash = "sha256:0733ecd95ae03ae718ec74aad818f5af5f3155d596f7b242acbc1621e765e5fb"},
    {file = "simplejson-3.19.3-cp38-cp38-macosx_10_9_x86_64.whl", hash = "sha256:4a0710d1a5e41c4f829caa1572793dd3130c8d65c2b194c24ff29c4c305c26e0"},
    {file = "simplejson-3.19.3-cp38-cp38-macosx_11_0_arm64.whl", hash = "sha256:1a53a07320c5ff574d8b1a89c937ce33608832f166f39dff0581ac43dc979abd"},
    {file = "simplejson-3.19.3-cp38-cp38-manylinux_2_17_aarch64.manylinux2014_aarch64.whl", hash = "sha256:1773cabfba66a6337b547e45dafbd471b09487370bcab75bd28f626520410d29"},
    {file = "simplejson-3.19.3-cp38-cp38-manylinux_2_17_ppc64le.manylinux2014_ppc64le.whl", hash = "sha256:7c0104b4b7d2c75ccedbf1d9d5a3bd2daa75e51053935a44ba012e2fd4c43752"},
    {file = "simplejson-3.19.3-cp38-cp38-manylinux_2_5_i686.manylinux1_i686.manylinux_2_17_i686.manylinux2014_i686.whl", hash = "sha256:1c49eeb94b8f09dc8a5843c156a22b8bde6aa1ddc65ca8ddc62dddcc001e6a2d"},
    {file = "simplejson-3.19.3-cp38-cp38-manylinux_2_5_x86_64.manylinux1_x86_64.manylinux_2_17_x86_64.manylinux2014_x86_64.whl", hash = "sha256:3dc5c1a85ff388e98ea877042daec3d157b6db0d85bac6ba5498034689793e7e"},
    {file = "simplejson-3.19.3-cp38-cp38-musllinux_1_2_aarch64.whl", hash = "sha256:49549e3d81ab4a58424405aa545602674d8c35c20e986b42bb8668e782a94bac"},
    {file = "simplejson-3.19.3-cp38-cp38-musllinux_1_2_i686.whl", hash = "sha256:e1a1452ad5723ff129b081e3c8aa4ba56b8734fee4223355ed7b815a7ece69bc"},
    {file = "simplejson-3.19.3-cp38-cp38-musllinux_1_2_ppc64le.whl", hash = "sha256:d0d5a63f1768fed7e78cf55712dee81f5a345e34d34224f3507ebf71df2b754d"},
    {file = "simplejson-3.19.3-cp38-cp38-musllinux_1_2_x86_64.whl", hash = "sha256:7e062767ac165df9a46963f5735aa4eee0089ec1e48b3f2ec46182754b96f55e"},
    {file = "simplejson-3.19.3-cp38-cp38-win32.whl", hash = "sha256:56134bbafe458a7b21f6fddbf889d36bec6d903718f4430768e3af822f8e27c2"},
    {file = "simplejson-3.19.3-cp38-cp38-win_amd64.whl", hash = "sha256:bcde83a553a96dc7533736c547bddaa35414a2566ab0ecf7d3964fc4bdb84c11"},
    {file = "simplejson-3.19.3-cp39-cp39-macosx_10_9_universal2.whl", hash = "sha256:b5587feda2b65a79da985ae6d116daf6428bf7489992badc29fc96d16cd27b05"},
    {file = "simplejson-3.19.3-cp39-cp39-macosx_10_9_x86_64.whl", hash = "sha256:e0d2b00ecbcd1a3c5ea1abc8bb99a26508f758c1759fd01c3be482a3655a176f"},
    {file = "simplejson-3.19.3-cp39-cp39-macosx_11_0_arm64.whl", hash = "sha256:32a3ada8f3ea41db35e6d37b86dade03760f804628ec22e4fe775b703d567426"},
    {file = "simplejson-3.19.3-cp39-cp39-manylinux_2_17_aarch64.manylinux2014_aarch64.whl", hash = "sha256:6f455672f4738b0f47183c5896e3606cd65c9ddee3805a4d18e8c96aa3f47c84"},
    {file = "simplejson-3.19.3-cp39-cp39-manylinux_2_17_ppc64le.manylinux2014_ppc64le.whl", hash = "sha256:2b737a5fefedb8333fa50b8db3dcc9b1d18fd6c598f89fa7debff8b46bf4e511"},
    {file = "simplejson-3.19.3-cp39-cp39-manylinux_2_5_i686.manylinux1_i686.manylinux_2_17_i686.manylinux2014_i686.whl", hash = "sha256:eb47ee773ce67476a960e2db4a0a906680c54f662521550828c0cc57d0099426"},
    {file = "simplejson-3.19.3-cp39-cp39-manylinux_2_5_x86_64.manylinux1_x86_64.manylinux_2_17_x86_64.manylinux2014_x86_64.whl", hash = "sha256:eed8cd98a7b24861da9d3d937f5fbfb6657350c547528a117297fe49e3960667"},
    {file = "simplejson-3.19.3-cp39-cp39-musllinux_1_2_aarch64.whl", hash = "sha256:619756f1dd634b5bdf57d9a3914300526c3b348188a765e45b8b08eabef0c94e"},
    {file = "simplejson-3.19.3-cp39-cp39-musllinux_1_2_i686.whl", hash = "sha256:dd7230d061e755d60a4d5445bae854afe33444cdb182f3815cff26ac9fb29a15"},
    {file = "simplejson-3.19.3-cp39-cp39-musllinux_1_2_ppc64le.whl", hash = "sha256:101a3c8392028cd704a93c7cba8926594e775ca3c91e0bee82144e34190903f1"},
    {file = "simplejson-3.19.3-cp39-cp39-musllinux_1_2_x86_64.whl", hash = "sha256:1e557712fc79f251673aeb3fad3501d7d4da3a27eff0857af2e1d1afbbcf6685"},
    {file = "simplejson-3.19.3-cp39-cp39-win32.whl", hash = "sha256:0bc5544e3128891bf613b9f71813ee2ec9c11574806f74dd8bb84e5e95bf64a2"},
    {file = "simplejson-3.19.3-cp39-cp39-win_amd64.whl", hash = "sha256:06662392e4913dc8846d6a71a6d5de86db5fba244831abe1dd741d62a4136764"},
    {file = "simplejson-3.19.3-py3-none-any.whl", hash = "sha256:49cc4c7b940d43bd12bf87ec63f28cbc4964fc4e12c031cc8cd01650f43eb94e"},
    {file = "simplejson-3.19.3.tar.gz", hash = "sha256:8e086896c36210ab6050f2f9f095a5f1e03c83fa0e7f296d6cba425411364680"},
]

[[package]]
name = "singer-python"
version = "6.1.0"
description = "Singer.io utility library"
optional = false
python-versions = "^3.12"
files = []
develop = false

[package.dependencies]
backoff = "^2.2.1"
ciso8601 = "^2.3.1"
jsonschema = "^4.23.0"
python-dateutil = "^2.9.0.post0"
pytz = "^2024.2"
setuptools = "^70.3.0"
simplejson = "^3.19.3"

[package.source]
type = "git"
url = "https://github.com/python-devops-sre/singer-python.git"
reference = "master"
resolved_reference = "0091c9735686ecddc15ea028093842e5c4e341d3"

[[package]]
name = "six"
version = "1.16.0"
description = "Python 2 and 3 compatibility utilities"
optional = false
python-versions = ">=2.7, !=3.0.*, !=3.1.*, !=3.2.*"
files = [
    {file = "six-1.16.0-py2.py3-none-any.whl", hash = "sha256:8abb2f1d86890a2dfb989f9a77cfcfd3e47c2a354b01111771326f8aa26e0254"},
    {file = "six-1.16.0.tar.gz", hash = "sha256:1e61c37477a1626458e36f7b1d82aa5c9b094fa4802892072e49de9c60c4c926"},
]

[metadata]
lock-version = "2.0"
python-versions = "^3.12"
content-hash = "3fb7fbcded3e20964b62a8af133cb93010fba3195f0391ab8feb54cde59cd43d"
